
Microsoft Visual Studio Solution File, Format Version 12.00
# Visual Studio Version 16
VisualStudioVersion = 16.0.32002.261
MinimumVisualStudioVersion = 10.0.40219.1
Project("{FAE04EC0-301F-11D3-BF4B-00C04F79EFBC}") = "condition", "condition\condition.csproj", "{F7D76595-5074-4346-AE81-BB97572C5D95}"
EndProject
Global
	GlobalSection(SolutionConfigurationPlatforms) = preSolution
		Debug|Any CPU = Debug|Any CPU
		Release|Any CPU = Release|Any CPU
	EndGlobalSection
	GlobalSection(ProjectConfigurationPlatforms) = postSolution
		{F7D76595-5074-4346-AE81-BB97572C5D95}.Debug|Any CPU.ActiveCfg = Debug|Any CPU
		{F7D76595-5074-4346-AE81-BB97572C5D95}.Debug|Any CPU.Build.0 = Debug|Any CPU
		{F7D76595-5074-4346-AE81-BB97572C5D95}.Release|Any CPU.ActiveCfg = Release|Any CPU
		{F7D76595-5074-4346-AE81-BB97572C5D95}.Release|Any CPU.Build.0 = Release|Any CPU
	EndGlobalSection
	GlobalSection(SolutionProperties) = preSolution
		HideSolutionNode = FALSE
	EndGlobalSection
	GlobalSection(ExtensibilityGlobals) = postSolution
		SolutionGuid = {F7E77C32-C0DE-4B15-B50E-9CF8D241C62C}
	EndGlobalSection
EndGlobal
